{
  "name": "aws-fav-tweaker",
  "version": "0.1.0",
  "lockfileVersion": 3,
  "requires": true,
  "packages": {
    "": {
      "name": "aws-fav-tweaker",
      "version": "0.1.0",
      "license": "MIT",
      "devDependencies": {
        "chrome-types": "^0.1.231"
      }
    },
    "node_modules/chrome-types": {
      "version": "0.1.231",
      "resolved": "https://registry.npmjs.org/chrome-types/-/chrome-types-0.1.231.tgz",
      "integrity": "sha512-h3bavs+tROAeGE2pLJckJNQzFU5HN2yYEKEG+2byq1+MWrycBYxklCl6gRaI3Jjeyn1DzTTrFToOvdRCQfc/kg==",
      "dev": true
    }
  }
}
